
Microsoft Visual Studio Solution File, Format Version 12.00
# Visual Studio Version 17
VisualStudioVersion = 17.13.35931.197 d17.13
MinimumVisualStudioVersion = 10.0.40219.1
Project("{FAE04EC0-301F-11D3-BF4B-00C04F79EFBC}") = "PersonData", "PersonData\PersonData.csproj", "{632A2EE6-469F-4BA6-A6E6-1360A020D4E8}"
EndProject
Global
	GlobalSection(SolutionConfigurationPlatforms) = preSolution
		Debug|Any CPU = Debug|Any CPU
		Release|Any CPU = Release|Any CPU
	EndGlobalSection
	GlobalSection(ProjectConfigurationPlatforms) = postSolution
		{632A2EE6-469F-4BA6-A6E6-1360A020D4E8}.Debug|Any CPU.ActiveCfg = Debug|Any CPU
		{632A2EE6-469F-4BA6-A6E6-1360A020D4E8}.Debug|Any CPU.Build.0 = Debug|Any CPU
		{632A2EE6-469F-4BA6-A6E6-1360A020D4E8}.Release|Any CPU.ActiveCfg = Release|Any CPU
		{632A2EE6-469F-4BA6-A6E6-1360A020D4E8}.Release|Any CPU.Build.0 = Release|Any CPU
	EndGlobalSection
	GlobalSection(SolutionProperties) = preSolution
		HideSolutionNode = FALSE
	EndGlobalSection
	GlobalSection(ExtensibilityGlobals) = postSolution
		SolutionGuid = {CB2994DB-FC62-47A2-92FB-9B0A7692FE16}
	EndGlobalSection
EndGlobal
